{
  "originHash" : "8890b9a0541be1c6dfa3db9d2677d73c37293401d633e2eb33ffd0d6e45f763c",
  "pins" : [
    {
      "identity" : "kmp-sample-library",
      "kind" : "remoteSourceControl",
      "location" : "https://github.com/kei-1111/kmp-sample-library",
      "state" : {
        "revision" : "9a2fa4d1161e31a72479bb5d0e029b5c5e30678a",
        "version" : "1.4.3"
      }
    }
  ],
  "version" : 3
}
