{
  "originHash" : "8890b9a0541be1c6dfa3db9d2677d73c37293401d633e2eb33ffd0d6e45f763c",
  "pins" : [
    {
      "identity" : "kmp-sample-library",
      "kind" : "remoteSourceControl",
      "location" : "https://github.com/kei-1111/kmp-sample-library",
      "state" : {
        "revision" : "2215dc9bb7b0fa06d02bd612ba79c068b0fc72e4",
        "version" : "1.5.0"
      }
    }
  ],
  "version" : 3
}
