// !$*UTF8*$!
{
	archiveVersion = 1;
	classes = {
	};
	objectVersion = 77;
	objects = {

/* Begin PBXContainerItemProxy section */
		AAB2BA8C2EBF22C800D6E9EC /* PBXContainerItemProxy */ = {
			isa = PBXContainerItemProxy;
			containerPortal = AAB2BA762EBF22C700D6E9EC /* Project object */;
			proxyType = 1;
			remoteGlobalIDString = AAB2BA7D2EBF22C700D6E9EC;
			remoteInfo = KmpSampleIOS;
		};
		AAB2BA962EBF22C800D6E9EC /* PBXContainerItemProxy */ = {
			isa = PBXContainerItemProxy;
			containerPortal = AAB2BA762EBF22C700D6E9EC /* Project object */;
			proxyType = 1;
			remoteGlobalIDString = AAB2BA7D2EBF22C700D6E9EC;
			remoteInfo = KmpSampleIOS;
		};
/* End PBXContainerItemProxy section */

/* Begin PBXFileReference section */
		AAB2BA7E2EBF22C700D6E9EC /* KmpSampleIOS.app */ = {isa = PBXFileReference; explicitFileType = wrapper.application; includeInIndex = 0; path = KmpSampleIOS.app; sourceTree = BUILT_PRODUCTS_DIR; };
		AAB2BA8B2EBF22C800D6E9EC /* KmpSampleIOSTests.xctest */ = {isa = PBXFileReference; explicitFileType = wrapper.cfbundle; includeInIndex = 0; path = KmpSampleIOSTests.xctest; sourceTree = BUILT_PRODUCTS_DIR; };
		AAB2BA952EBF22C800D6E9EC /* KmpSampleIOSUITests.xctest */ = {isa = PBXFileReference; explicitFileType = wrapper.cfbundle; includeInIndex = 0; path = KmpSampleIOSUITests.xctest; sourceTree = BUILT_PRODUCTS_DIR; };
/* End PBXFileReference section */

/* Begin PBXFileSystemSynchronizedRootGroup section */
		AAB2BA802EBF22C700D6E9EC /* KmpSampleIOS */ = {
			isa = PBXFileSystemSynchronizedRootGroup;
			path = KmpSampleIOS;
			sourceTree = "<group>";
		};
		AAB2BA8E2EBF22C800D6E9EC /* KmpSampleIOSTests */ = {
			isa = PBXFileSystemSynchronizedRootGroup;
			path = KmpSampleIOSTests;
			sourceTree = "<group>";
		};
		AAB2BA982EBF22C800D6E9EC /* KmpSampleIOSUITests */ = {
			isa = PBXFileSystemSynchronizedRootGroup;
			path = KmpSampleIOSUITests;
			sourceTree = "<group>";
		};
/* End PBXFileSystemSynchronizedRootGroup section */

/* Begin PBXFrameworksBuildPhase section */
		AAB2BA7B2EBF22C700D6E9EC /* Frameworks */ = {
			isa = PBXFrameworksBuildPhase;
			buildActionMask = 2147483647;
			files = (
			);
			runOnlyForDeploymentPostprocessing = 0;
		};
		AAB2BA882EBF22C800D6E9EC /* Frameworks */ = {
			isa = PBXFrameworksBuildPhase;
			buildActionMask = 2147483647;
			files = (
			);
			runOnlyForDeploymentPostprocessing = 0;
		};
		AAB2BA922EBF22C800D6E9EC /* Frameworks */ = {
			isa = PBXFrameworksBuildPhase;
			buildActionMask = 2147483647;
			files = (
			);
			runOnlyForDeploymentPostprocessing = 0;
		};
/* End PBXFrameworksBuildPhase section */

/* Begin PBXGroup section */
		AAB2BA752EBF22C700D6E9EC = {
			isa = PBXGroup;
			children = (
				AAB2BA802EBF22C700D6E9EC /* KmpSampleIOS */,
				AAB2BA8E2EBF22C800D6E9EC /* KmpSampleIOSTests */,
				AAB2BA982EBF22C800D6E9EC /* KmpSampleIOSUITests */,
				AAB2BA7F2EBF22C700D6E9EC /* Products */,
			);
			sourceTree = "<group>";
		};
		AAB2BA7F2EBF22C700D6E9EC /* Products */ = {
			isa = PBXGroup;
			children = (
				AAB2BA7E2EBF22C700D6E9EC /* KmpSampleIOS.app */,
				AAB2BA8B2EBF22C800D6E9EC /* KmpSampleIOSTests.xctest */,
				AAB2BA952EBF22C800D6E9EC /* KmpSampleIOSUITests.xctest */,
			);
			name = Products;
			sourceTree = "<group>";
		};
/* End PBXGroup section */

/* Begin PBXNativeTarget section */
		AAB2BA7D2EBF22C700D6E9EC /* KmpSampleIOS */ = {
			isa = PBXNativeTarget;
			buildConfigurationList = AAB2BA9F2EBF22C800D6E9EC /* Build configuration list for PBXNativeTarget "KmpSampleIOS" */;
			buildPhases = (
				AAB2BA7A2EBF22C700D6E9EC /* Sources */,
				AAB2BA7B2EBF22C700D6E9EC /* Frameworks */,
				AAB2BA7C2EBF22C700D6E9EC /* Resources */,
			);
			buildRules = (
			);
			dependencies = (
			);
			fileSystemSynchronizedGroups = (
				AAB2BA802EBF22C700D6E9EC /* KmpSampleIOS */,
			);
			name = KmpSampleIOS;
			packageProductDependencies = (
			);
			productName = KmpSampleIOS;
			productReference = AAB2BA7E2EBF22C700D6E9EC /* KmpSampleIOS.app */;
			productType = "com.apple.product-type.application";
		};
		AAB2BA8A2EBF22C800D6E9EC /* KmpSampleIOSTests */ = {
			isa = PBXNativeTarget;
			buildConfigurationList = AAB2BAA22EBF22C800D6E9EC /* Build configuration list for PBXNativeTarget "KmpSampleIOSTests" */;
			buildPhases = (
				AAB2BA872EBF22C800D6E9EC /* Sources */,
				AAB2BA882EBF22C800D6E9EC /* Frameworks */,
				AAB2BA892EBF22C800D6E9EC /* Resources */,
			);
			buildRules = (
			);
			dependencies = (
				AAB2BA8D2EBF22C800D6E9EC /* PBXTargetDependency */,
			);
			fileSystemSynchronizedGroups = (
				AAB2BA8E2EBF22C800D6E9EC /* KmpSampleIOSTests */,
			);
			name = KmpSampleIOSTests;
			packageProductDependencies = (
			);
			productName = KmpSampleIOSTests;
			productReference = AAB2BA8B2EBF22C800D6E9EC /* KmpSampleIOSTests.xctest */;
			productType = "com.apple.product-type.bundle.unit-test";
		};
		AAB2BA942EBF22C800D6E9EC /* KmpSampleIOSUITests */ = {
			isa = PBXNativeTarget;
			buildConfigurationList = AAB2BAA52EBF22C800D6E9EC /* Build configuration list for PBXNativeTarget "KmpSampleIOSUITests" */;
			buildPhases = (
				AAB2BA912EBF22C800D6E9EC /* Sources */,
				AAB2BA922EBF22C800D6E9EC /* Frameworks */,
				AAB2BA932EBF22C800D6E9EC /* Resources */,
			);
			buildRules = (
			);
			dependencies = (
				AAB2BA972EBF22C800D6E9EC /* PBXTargetDependency */,
			);
			fileSystemSynchronizedGroups = (
				AAB2BA982EBF22C800D6E9EC /* KmpSampleIOSUITests */,
			);
			name = KmpSampleIOSUITests;
			packageProductDependencies = (
			);
			productName = KmpSampleIOSUITests;
			productReference = AAB2BA952EBF22C800D6E9EC /* KmpSampleIOSUITests.xctest */;
			productType = "com.apple.product-type.bundle.ui-testing";
		};
/* End PBXNativeTarget section */

/* Begin PBXProject section */
		AAB2BA762EBF22C700D6E9EC /* Project object */ = {
			isa = PBXProject;
			attributes = {
				BuildIndependentTargetsInParallel = 1;
				LastSwiftUpdateCheck = 1640;
				LastUpgradeCheck = 1640;
				TargetAttributes = {
					AAB2BA7D2EBF22C700D6E9EC = {
						CreatedOnToolsVersion = 16.4;
					};
					AAB2BA8A2EBF22C800D6E9EC = {
						CreatedOnToolsVersion = 16.4;
						TestTargetID = AAB2BA7D2EBF22C700D6E9EC;
					};
					AAB2BA942EBF22C800D6E9EC = {
						CreatedOnToolsVersion = 16.4;
						TestTargetID = AAB2BA7D2EBF22C700D6E9EC;
					};
				};
			};
			buildConfigurationList = AAB2BA792EBF22C700D6E9EC /* Build configuration list for PBXProject "KmpSampleIOS" */;
			developmentRegion = en;
			hasScannedForEncodings = 0;
			knownRegions = (
				en,
				Base,
			);
			mainGroup = AAB2BA752EBF22C700D6E9EC;
			minimizedProjectReferenceProxies = 1;
			preferredProjectObjectVersion = 77;
			productRefGroup = AAB2BA7F2EBF22C700D6E9EC /* Products */;
			projectDirPath = "";
			projectRoot = "";
			targets = (
				AAB2BA7D2EBF22C700D6E9EC /* KmpSampleIOS */,
				AAB2BA8A2EBF22C800D6E9EC /* KmpSampleIOSTests */,
				AAB2BA942EBF22C800D6E9EC /* KmpSampleIOSUITests */,
			);
		};
/* End PBXProject section */

/* Begin PBXResourcesBuildPhase section */
		AAB2BA7C2EBF22C700D6E9EC /* Resources */ = {
			isa = PBXResourcesBuildPhase;
			buildActionMask = 2147483647;
			files = (
			);
			runOnlyForDeploymentPostprocessing = 0;
		};
		AAB2BA892EBF22C800D6E9EC /* Resources */ = {
			isa = PBXResourcesBuildPhase;
			buildActionMask = 2147483647;
			files = (
			);
			runOnlyForDeploymentPostprocessing = 0;
		};
		AAB2BA932EBF22C800D6E9EC /* Resources */ = {
			isa = PBXResourcesBuildPhase;
			buildActionMask = 2147483647;
			files = (
			);
			runOnlyForDeploymentPostprocessing = 0;
		};
/* End PBXResourcesBuildPhase section */

/* Begin PBXSourcesBuildPhase section */
		AAB2BA7A2EBF22C700D6E9EC /* Sources */ = {
			isa = PBXSourcesBuildPhase;
			buildActionMask = 2147483647;
			files = (
			);
			runOnlyForDeploymentPostprocessing = 0;
		};
		AAB2BA872EBF22C800D6E9EC /* Sources */ = {
			isa = PBXSourcesBuildPhase;
			buildActionMask = 2147483647;
			files = (
			);
			runOnlyForDeploymentPostprocessing = 0;
		};
		AAB2BA912EBF22C800D6E9EC /* Sources */ = {
			isa = PBXSourcesBuildPhase;
			buildActionMask = 2147483647;
			files = (
			);
			runOnlyForDeploymentPostprocessing = 0;
		};
/* End PBXSourcesBuildPhase section */

/* Begin PBXTargetDependency section */
		AAB2BA8D2EBF22C800D6E9EC /* PBXTargetDependency */ = {
			isa = PBXTargetDependency;
			target = AAB2BA7D2EBF22C700D6E9EC /* KmpSampleIOS */;
			targetProxy = AAB2BA8C2EBF22C800D6E9EC /* PBXContainerItemProxy */;
		};
		AAB2BA972EBF22C800D6E9EC /* PBXTargetDependency */ = {
			isa = PBXTargetDependency;
			target = AAB2BA7D2EBF22C700D6E9EC /* KmpSampleIOS */;
			targetProxy = AAB2BA962EBF22C800D6E9EC /* PBXContainerItemProxy */;
		};
/* End PBXTargetDependency section */

/* Begin XCBuildConfiguration section */
		AAB2BA9D2EBF22C800D6E9EC /* Debug */ = {
			isa = XCBuildConfiguration;
			buildSettings = {
				ALWAYS_SEARCH_USER_PATHS = NO;
				ASSETCATALOG_COMPILER_GENERATE_SWIFT_ASSET_SYMBOL_EXTENSIONS = YES;
				CLANG_ANALYZER_NONNULL = YES;
				CLANG_ANALYZER_NUMBER_OBJECT_CONVERSION = YES_AGGRESSIVE;
				CLANG_CXX_LANGUAGE_STANDARD = "gnu++20";
				CLANG_ENABLE_MODULES = YES;
				CLANG_ENABLE_OBJC_ARC = YES;
				CLANG_ENABLE_OBJC_WEAK = YES;
				CLANG_WARN_BLOCK_CAPTURE_AUTORELEASING = YES;
				CLANG_WARN_BOOL_CONVERSION = YES;
				CLANG_WARN_COMMA = YES;
				CLANG_WARN_CONSTANT_CONVERSION = YES;
				CLANG_WARN_DEPRECATED_OBJC_IMPLEMENTATIONS = YES;
				CLANG_WARN_DIRECT_OBJC_ISA_USAGE = YES_ERROR;
				CLANG_WARN_DOCUMENTATION_COMMENTS = YES;
				CLANG_WARN_EMPTY_BODY = YES;
				CLANG_WARN_ENUM_CONVERSION = YES;
				CLANG_WARN_INFINITE_RECURSION = YES;
				CLANG_WARN_INT_CONVERSION = YES;
				CLANG_WARN_NON_LITERAL_NULL_CONVERSION = YES;
				CLANG_WARN_OBJC_IMPLICIT_RETAIN_SELF = YES;
				CLANG_WARN_OBJC_LITERAL_CONVERSION = YES;
				CLANG_WARN_OBJC_ROOT_CLASS = YES_ERROR;
				CLANG_WARN_QUOTED_INCLUDE_IN_FRAMEWORK_HEADER = YES;
				CLANG_WARN_RANGE_LOOP_ANALYSIS = YES;
				CLANG_WARN_STRICT_PROTOTYPES = YES;
				CLANG_WARN_SUSPICIOUS_MOVE = YES;
				CLANG_WARN_UNGUARDED_AVAILABILITY = YES_AGGRESSIVE;
				CLANG_WARN_UNREACHABLE_CODE = YES;
				CLANG_WARN__DUPLICATE_METHOD_MATCH = YES;
				COPY_PHASE_STRIP = NO;
				DEBUG_INFORMATION_FORMAT = dwarf;
				ENABLE_STRICT_OBJC_MSGSEND = YES;
				ENABLE_TESTABILITY = YES;
				ENABLE_USER_SCRIPT_SANDBOXING = YES;
				GCC_C_LANGUAGE_STANDARD = gnu17;
				GCC_DYNAMIC_NO_PIC = NO;
				GCC_NO_COMMON_BLOCKS = YES;
				GCC_OPTIMIZATION_LEVEL = 0;
				GCC_PREPROCESSOR_DEFINITIONS = (
					"DEBUG=1",
					"$(inherited)",
				);
				GCC_WARN_64_TO_32_BIT_CONVERSION = YES;
				GCC_WARN_ABOUT_RETURN_TYPE = YES_ERROR;
				GCC_WARN_UNDECLARED_SELECTOR = YES;
				GCC_WARN_UNINITIALIZED_AUTOS = YES_AGGRESSIVE;
				GCC_WARN_UNUSED_FUNCTION = YES;
				GCC_WARN_UNUSED_VARIABLE = YES;
				IPHONEOS_DEPLOYMENT_TARGET = 18.5;
				LOCALIZATION_PREFERS_STRING_CATALOGS = YES;
				MTL_ENABLE_DEBUG_INFO = INCLUDE_SOURCE;
				MTL_FAST_MATH = YES;
				ONLY_ACTIVE_ARCH = YES;
				SDKROOT = iphoneos;
				SWIFT_ACTIVE_COMPILATION_CONDITIONS = "DEBUG $(inherited)";
				SWIFT_OPTIMIZATION_LEVEL = "-Onone";
			};
			name = Debug;
		};
		AAB2BA9E2EBF22C800D6E9EC /* Release */ = {
			isa = XCBuildConfiguration;
			buildSettings = {
				ALWAYS_SEARCH_USER_PATHS = NO;
				ASSETCATALOG_COMPILER_GENERATE_SWIFT_ASSET_SYMBOL_EXTENSIONS = YES;
				CLANG_ANALYZER_NONNULL = YES;
				CLANG_ANALYZER_NUMBER_OBJECT_CONVERSION = YES_AGGRESSIVE;
				CLANG_CXX_LANGUAGE_STANDARD = "gnu++20";
				CLANG_ENABLE_MODULES = YES;
				CLANG_ENABLE_OBJC_ARC = YES;
				CLANG_ENABLE_OBJC_WEAK = YES;
				CLANG_WARN_BLOCK_CAPTURE_AUTORELEASING = YES;
				CLANG_WARN_BOOL_CONVERSION = YES;
				CLANG_WARN_COMMA = YES;
				CLANG_WARN_CONSTANT_CONVERSION = YES;
				CLANG_WARN_DEPRECATED_OBJC_IMPLEMENTATIONS = YES;
				CLANG_WARN_DIRECT_OBJC_ISA_USAGE = YES_ERROR;
				CLANG_WARN_DOCUMENTATION_COMMENTS = YES;
				CLANG_WARN_EMPTY_BODY = YES;
				CLANG_WARN_ENUM_CONVERSION = YES;
				CLANG_WARN_INFINITE_RECURSION = YES;
				CLANG_WARN_INT_CONVERSION = YES;
				CLANG_WARN_NON_LITERAL_NULL_CONVERSION = YES;
				CLANG_WARN_OBJC_IMPLICIT_RETAIN_SELF = YES;
				CLANG_WARN_OBJC_LITERAL_CONVERSION = YES;
				CLANG_WARN_OBJC_ROOT_CLASS = YES_ERROR;
				CLANG_WARN_QUOTED_INCLUDE_IN_FRAMEWORK_HEADER = YES;
				CLANG_WARN_RANGE_LOOP_ANALYSIS = YES;
				CLANG_WARN_STRICT_PROTOTYPES = YES;
				CLANG_WARN_SUSPICIOUS_MOVE = YES;
				CLANG_WARN_UNGUARDED_AVAILABILITY = YES_AGGRESSIVE;
				CLANG_WARN_UNREACHABLE_CODE = YES;
				CLANG_WARN__DUPLICATE_METHOD_MATCH = YES;
				COPY_PHASE_STRIP = NO;
				DEBUG_INFORMATION_FORMAT = "dwarf-with-dsym";
				ENABLE_NS_ASSERTIONS = NO;
				ENABLE_STRICT_OBJC_MSGSEND = YES;
				ENABLE_USER_SCRIPT_SANDBOXING = YES;
				GCC_C_LANGUAGE_STANDARD = gnu17;
				GCC_NO_COMMON_BLOCKS = YES;
				GCC_WARN_64_TO_32_BIT_CONVERSION = YES;
				GCC_WARN_ABOUT_RETURN_TYPE = YES_ERROR;
				GCC_WARN_UNDECLARED_SELECTOR = YES;
				GCC_WARN_UNINITIALIZED_AUTOS = YES_AGGRESSIVE;
				GCC_WARN_UNUSED_FUNCTION = YES;
				GCC_WARN_UNUSED_VARIABLE = YES;
				IPHONEOS_DEPLOYMENT_TARGET = 18.5;
				LOCALIZATION_PREFERS_STRING_CATALOGS = YES;
				MTL_ENABLE_DEBUG_INFO = NO;
				MTL_FAST_MATH = YES;
				SDKROOT = iphoneos;
				SWIFT_COMPILATION_MODE = wholemodule;
				VALIDATE_PRODUCT = YES;
			};
			name = Release;
		};
		AAB2BAA02EBF22C800D6E9EC /* Debug */ = {
			isa = XCBuildConfiguration;
			buildSettings = {
				ASSETCATALOG_COMPILER_APPICON_NAME = AppIcon;
				ASSETCATALOG_COMPILER_GLOBAL_ACCENT_COLOR_NAME = AccentColor;
				CODE_SIGN_STYLE = Automatic;
				CURRENT_PROJECT_VERSION = 1;
				ENABLE_PREVIEWS = YES;
				GENERATE_INFOPLIST_FILE = YES;
				INFOPLIST_KEY_UIApplicationSceneManifest_Generation = YES;
				INFOPLIST_KEY_UIApplicationSupportsIndirectInputEvents = YES;
				INFOPLIST_KEY_UILaunchScreen_Generation = YES;
				INFOPLIST_KEY_UISupportedInterfaceOrientations_iPad = "UIInterfaceOrientationPortrait UIInterfaceOrientationPortraitUpsideDown UIInterfaceOrientationLandscapeLeft UIInterfaceOrientationLandscapeRight";
				INFOPLIST_KEY_UISupportedInterfaceOrientations_iPhone = "UIInterfaceOrientationPortrait UIInterfaceOrientationLandscapeLeft UIInterfaceOrientationLandscapeRight";
				LD_RUNPATH_SEARCH_PATHS = (
					"$(inherited)",
					"@executable_path/Frameworks",
				);
				MARKETING_VERSION = 1.0;
				PRODUCT_BUNDLE_IDENTIFIER = "io.github.kei-1111.KmpSampleIOS";
				PRODUCT_NAME = "$(TARGET_NAME)";
				SWIFT_EMIT_LOC_STRINGS = YES;
				SWIFT_VERSION = 5.0;
				TARGETED_DEVICE_FAMILY = "1,2";
			};
			name = Debug;
		};
		AAB2BAA12EBF22C800D6E9EC /* Release */ = {
			isa = XCBuildConfiguration;
			buildSettings = {
				ASSETCATALOG_COMPILER_APPICON_NAME = AppIcon;
				ASSETCATALOG_COMPILER_GLOBAL_ACCENT_COLOR_NAME = AccentColor;
				CODE_SIGN_STYLE = Automatic;
				CURRENT_PROJECT_VERSION = 1;
				ENABLE_PREVIEWS = YES;
				GENERATE_INFOPLIST_FILE = YES;
				INFOPLIST_KEY_UIApplicationSceneManifest_Generation = YES;
				INFOPLIST_KEY_UIApplicationSupportsIndirectInputEvents = YES;
				INFOPLIST_KEY_UILaunchScreen_Generation = YES;
				INFOPLIST_KEY_UISupportedInterfaceOrientations_iPad = "UIInterfaceOrientationPortrait UIInterfaceOrientationPortraitUpsideDown UIInterfaceOrientationLandscapeLeft UIInterfaceOrientationLandscapeRight";
				INFOPLIST_KEY_UISupportedInterfaceOrientations_iPhone = "UIInterfaceOrientationPortrait UIInterfaceOrientationLandscapeLeft UIInterfaceOrientationLandscapeRight";
				LD_RUNPATH_SEARCH_PATHS = (
					"$(inherited)",
					"@executable_path/Frameworks",
				);
				MARKETING_VERSION = 1.0;
				PRODUCT_BUNDLE_IDENTIFIER = "io.github.kei-1111.KmpSampleIOS";
				PRODUCT_NAME = "$(TARGET_NAME)";
				SWIFT_EMIT_LOC_STRINGS = YES;
				SWIFT_VERSION = 5.0;
				TARGETED_DEVICE_FAMILY = "1,2";
			};
			name = Release;
		};
		AAB2BAA32EBF22C800D6E9EC /* Debug */ = {
			isa = XCBuildConfiguration;
			buildSettings = {
				BUNDLE_LOADER = "$(TEST_HOST)";
				CODE_SIGN_STYLE = Automatic;
				CURRENT_PROJECT_VERSION = 1;
				GENERATE_INFOPLIST_FILE = YES;
				IPHONEOS_DEPLOYMENT_TARGET = 18.5;
				MARKETING_VERSION = 1.0;
				PRODUCT_BUNDLE_IDENTIFIER = "io.github.kei-1111.KmpSampleIOSTests";
				PRODUCT_NAME = "$(TARGET_NAME)";
				SWIFT_EMIT_LOC_STRINGS = NO;
				SWIFT_VERSION = 5.0;
				TARGETED_DEVICE_FAMILY = "1,2";
				TEST_HOST = "$(BUILT_PRODUCTS_DIR)/KmpSampleIOS.app/$(BUNDLE_EXECUTABLE_FOLDER_PATH)/KmpSampleIOS";
			};
			name = Debug;
		};
		AAB2BAA42EBF22C800D6E9EC /* Release */ = {
			isa = XCBuildConfiguration;
			buildSettings = {
				BUNDLE_LOADER = "$(TEST_HOST)";
				CODE_SIGN_STYLE = Automatic;
				CURRENT_PROJECT_VERSION = 1;
				GENERATE_INFOPLIST_FILE = YES;
				IPHONEOS_DEPLOYMENT_TARGET = 18.5;
				MARKETING_VERSION = 1.0;
				PRODUCT_BUNDLE_IDENTIFIER = "io.github.kei-1111.KmpSampleIOSTests";
				PRODUCT_NAME = "$(TARGET_NAME)";
				SWIFT_EMIT_LOC_STRINGS = NO;
				SWIFT_VERSION = 5.0;
				TARGETED_DEVICE_FAMILY = "1,2";
				TEST_HOST = "$(BUILT_PRODUCTS_DIR)/KmpSampleIOS.app/$(BUNDLE_EXECUTABLE_FOLDER_PATH)/KmpSampleIOS";
			};
			name = Release;
		};
		AAB2BAA62EBF22C800D6E9EC /* Debug */ = {
			isa = XCBuildConfiguration;
			buildSettings = {
				CODE_SIGN_STYLE = Automatic;
				CURRENT_PROJECT_VERSION = 1;
				GENERATE_INFOPLIST_FILE = YES;
				MARKETING_VERSION = 1.0;
				PRODUCT_BUNDLE_IDENTIFIER = "io.github.kei-1111.KmpSampleIOSUITests";
				PRODUCT_NAME = "$(TARGET_NAME)";
				SWIFT_EMIT_LOC_STRINGS = NO;
				SWIFT_VERSION = 5.0;
				TARGETED_DEVICE_FAMILY = "1,2";
				TEST_TARGET_NAME = KmpSampleIOS;
			};
			name = Debug;
		};
		AAB2BAA72EBF22C800D6E9EC /* Release */ = {
			isa = XCBuildConfiguration;
			buildSettings = {
				CODE_SIGN_STYLE = Automatic;
				CURRENT_PROJECT_VERSION = 1;
				GENERATE_INFOPLIST_FILE = YES;
				MARKETING_VERSION = 1.0;
				PRODUCT_BUNDLE_IDENTIFIER = "io.github.kei-1111.KmpSampleIOSUITests";
				PRODUCT_NAME = "$(TARGET_NAME)";
				SWIFT_EMIT_LOC_STRINGS = NO;
				SWIFT_VERSION = 5.0;
				TARGETED_DEVICE_FAMILY = "1,2";
				TEST_TARGET_NAME = KmpSampleIOS;
			};
			name = Release;
		};
/* End XCBuildConfiguration section */

/* Begin XCConfigurationList section */
		AAB2BA792EBF22C700D6E9EC /* Build configuration list for PBXProject "KmpSampleIOS" */ = {
			isa = XCConfigurationList;
			buildConfigurations = (
				AAB2BA9D2EBF22C800D6E9EC /* Debug */,
				AAB2BA9E2EBF22C800D6E9EC /* Release */,
			);
			defaultConfigurationIsVisible = 0;
			defaultConfigurationName = Release;
		};
		AAB2BA9F2EBF22C800D6E9EC /* Build configuration list for PBXNativeTarget "KmpSampleIOS" */ = {
			isa = XCConfigurationList;
			buildConfigurations = (
				AAB2BAA02EBF22C800D6E9EC /* Debug */,
				AAB2BAA12EBF22C800D6E9EC /* Release */,
			);
			defaultConfigurationIsVisible = 0;
			defaultConfigurationName = Release;
		};
		AAB2BAA22EBF22C800D6E9EC /* Build configuration list for PBXNativeTarget "KmpSampleIOSTests" */ = {
			isa = XCConfigurationList;
			buildConfigurations = (
				AAB2BAA32EBF22C800D6E9EC /* Debug */,
				AAB2BAA42EBF22C800D6E9EC /* Release */,
			);
			defaultConfigurationIsVisible = 0;
			defaultConfigurationName = Release;
		};
		AAB2BAA52EBF22C800D6E9EC /* Build configuration list for PBXNativeTarget "KmpSampleIOSUITests" */ = {
			isa = XCConfigurationList;
			buildConfigurations = (
				AAB2BAA62EBF22C800D6E9EC /* Debug */,
				AAB2BAA72EBF22C800D6E9EC /* Release */,
			);
			defaultConfigurationIsVisible = 0;
			defaultConfigurationName = Release;
		};
/* End XCConfigurationList section */
	};
	rootObject = AAB2BA762EBF22C700D6E9EC /* Project object */;
}
